
Microsoft Visual Studio Solution File, Format Version 12.00
Project("{FAE04EC0-301F-11D3-BF4B-00C04F79EFBC}") = "AdventOfCode2021", "AdventOfCode2021.csproj", "{89AF0287-FEC9-4CD4-8930-3607A5007365}"
EndProject
Global
	GlobalSection(SolutionConfigurationPlatforms) = preSolution
		Debug|Any CPU = Debug|Any CPU
		Release|Any CPU = Release|Any CPU
	EndGlobalSection
	GlobalSection(ProjectConfigurationPlatforms) = postSolution
		{89AF0287-FEC9-4CD4-8930-3607A5007365}.Debug|Any CPU.ActiveCfg = Debug|Any CPU
		{89AF0287-FEC9-4CD4-8930-3607A5007365}.Debug|Any CPU.Build.0 = Debug|Any CPU
		{89AF0287-FEC9-4CD4-8930-3607A5007365}.Release|Any CPU.ActiveCfg = Release|Any CPU
		{89AF0287-FEC9-4CD4-8930-3607A5007365}.Release|Any CPU.Build.0 = Release|Any CPU
	EndGlobalSection
EndGlobal
